
Microsoft Visual Studio Solution File, Format Version 12.00
# Visual Studio Version 17
VisualStudioVersion = 17.14.36518.9
MinimumVisualStudioVersion = 10.0.40219.1
Project("{2150E333-8FDC-42A3-9474-1A3956D46DE8}") = "Task0", "Task0", "{02EA681E-C7D8-13C7-8484-4AC65E1B71E8}"
EndProject
Project("{FAE04EC0-301F-11D3-BF4B-00C04F79EFBC}") = "Tyuiu.KononenkoVA.Sprint4.Task0.V19", "Tyuiu.KononenkoVA.Sprint4.Task0.V19\Tyuiu.KononenkoVA.Sprint4.Task0.V19.csproj", "{68EE89FF-C5EC-4C4B-B4D8-B7D6D9E30FFE}"
EndProject
Project("{FAE04EC0-301F-11D3-BF4B-00C04F79EFBC}") = "Tyuiu.KononenkoVA.Sprint4.Task0.V19.Lib", "Tyuiu.KononenkoVA.Sprint4.Task0.V19.Lib\Tyuiu.KononenkoVA.Sprint4.Task0.V19.Lib.csproj", "{8B78B078-CBC5-4A11-9474-1128DBFEB545}"
EndProject
Project("{FAE04EC0-301F-11D3-BF4B-00C04F79EFBC}") = "Tyuiu.KononenkoVA.Sprint4.Task0.V19.Test", "Tyuiu.KononenkoVA.Sprint4.Task0.V19.Test\Tyuiu.KononenkoVA.Sprint4.Task0.V19.Test.csproj", "{FCB332C9-3232-4FDA-BE39-90C0B08DC027}"
EndProject
Project("{2150E333-8FDC-42A3-9474-1A3956D46DE8}") = "Task1", "Task1", "{A719FBF2-1A3F-4917-A857-CB4475B9E481}"
EndProject
Project("{FAE04EC0-301F-11D3-BF4B-00C04F79EFBC}") = "Tyuiu.KononenkoVA.Sprint4.Task1.V24", "Tyuiu.KononenkoVA.Sprint4.Task1.V24\Tyuiu.KononenkoVA.Sprint4.Task1.V24.csproj", "{8A065DE0-A9A4-47A1-9E61-D7A4F665E670}"
EndProject
Project("{FAE04EC0-301F-11D3-BF4B-00C04F79EFBC}") = "Tyuiu.KononenkoVA.Sprint4.Task1.V24.Lib", "Tyuiu.KononenkoVA.Sprint4.Task1.V24.Lib\Tyuiu.KononenkoVA.Sprint4.Task1.V24.Lib.csproj", "{D4627ED4-723B-4C66-B05A-5736948445D9}"
EndProject
Project("{FAE04EC0-301F-11D3-BF4B-00C04F79EFBC}") = "Tyuiu.KononenkoVA.Sprint4.Task1.V24.Test", "Tyuiu.KononenkoVA.Sprint4.Task1.V24.Test\Tyuiu.KononenkoVA.Sprint4.Task1.V24.Test.csproj", "{E03C4F32-82FC-4E36-AC9B-79BC4BA136AE}"
EndProject
Project("{2150E333-8FDC-42A3-9474-1A3956D46DE8}") = "Task2", "Task2", "{500E2AF3-14F4-4548-A80B-ECB586E28C2F}"
EndProject
Project("{FAE04EC0-301F-11D3-BF4B-00C04F79EFBC}") = "Tyuiu.KononenkoVA.Sprint4.Task2.V8", "Tyuiu.KononenkoVA.Sprint4.Task2.V8\Tyuiu.KononenkoVA.Sprint4.Task2.V8.csproj", "{5CF43265-22A5-4631-9D78-868F9CB26865}"
EndProject
Project("{FAE04EC0-301F-11D3-BF4B-00C04F79EFBC}") = "Tyuiu.KononenkoVA.Sprint4.Task2.V8.Lib", "Tyuiu.KononenkoVA.Sprint4.Task2.V8.Lib\Tyuiu.KononenkoVA.Sprint4.Task2.V8.Lib.csproj", "{75DD1B6F-50D9-41A6-9020-3C1E4ACCFC28}"
EndProject
Project("{FAE04EC0-301F-11D3-BF4B-00C04F79EFBC}") = "Tyuiu.KononenkoVA.Sprint4.Task2.V8.Test", "Tyuiu.KononenkoVA.Sprint4.Task2.V8.Test\Tyuiu.KononenkoVA.Sprint4.Task2.V8.Test.csproj", "{FA46442D-CA93-4331-ADEF-B84C7D0871B2}"
EndProject
Project("{2150E333-8FDC-42A3-9474-1A3956D46DE8}") = "Task3", "Task3", "{F975CED7-1FB0-4A31-A33C-FADCC4E9D9F2}"
EndProject
Project("{FAE04EC0-301F-11D3-BF4B-00C04F79EFBC}") = "Tyuiu.KononenkoVA.Sprint4.Task3.V5", "Tyuiu.KononenkoVA.Sprint4.Task3.V5\Tyuiu.KononenkoVA.Sprint4.Task3.V5.csproj", "{B5C6158E-A783-45AF-B69C-AB4DD6E8A5FA}"
EndProject
Project("{FAE04EC0-301F-11D3-BF4B-00C04F79EFBC}") = "Tyuiu.KononenkoVA.Sprint4.Task3.V5.Lib", "Tyuiu.KononenkoVA.Sprint4.Task3.V5.Lib\Tyuiu.KononenkoVA.Sprint4.Task3.V5.Lib.csproj", "{4C8D3AFD-A476-4720-81B7-1E767F655D84}"
EndProject
Project("{FAE04EC0-301F-11D3-BF4B-00C04F79EFBC}") = "Tyuiu.KononenkoVA.Sprint4.Task3.V5.Test", "Tyuiu.KononenkoVA.Sprint4.Task3.V5.Test\Tyuiu.KononenkoVA.Sprint4.Task3.V5.Test.csproj", "{97BFE5F2-304C-4F63-8005-D5C71D7EC121}"
EndProject
Global
	GlobalSection(SolutionConfigurationPlatforms) = preSolution
		Debug|Any CPU = Debug|Any CPU
		Release|Any CPU = Release|Any CPU
	EndGlobalSection
	GlobalSection(ProjectConfigurationPlatforms) = postSolution
		{68EE89FF-C5EC-4C4B-B4D8-B7D6D9E30FFE}.Debug|Any CPU.ActiveCfg = Debug|Any CPU
		{68EE89FF-C5EC-4C4B-B4D8-B7D6D9E30FFE}.Debug|Any CPU.Build.0 = Debug|Any CPU
		{68EE89FF-C5EC-4C4B-B4D8-B7D6D9E30FFE}.Release|Any CPU.ActiveCfg = Release|Any CPU
		{68EE89FF-C5EC-4C4B-B4D8-B7D6D9E30FFE}.Release|Any CPU.Build.0 = Release|Any CPU
		{8B78B078-CBC5-4A11-9474-1128DBFEB545}.Debug|Any CPU.ActiveCfg = Debug|Any CPU
		{8B78B078-CBC5-4A11-9474-1128DBFEB545}.Debug|Any CPU.Build.0 = Debug|Any CPU
		{8B78B078-CBC5-4A11-9474-1128DBFEB545}.Release|Any CPU.ActiveCfg = Release|Any CPU
		{8B78B078-CBC5-4A11-9474-1128DBFEB545}.Release|Any CPU.Build.0 = Release|Any CPU
		{FCB332C9-3232-4FDA-BE39-90C0B08DC027}.Debug|Any CPU.ActiveCfg = Debug|Any CPU
		{FCB332C9-3232-4FDA-BE39-90C0B08DC027}.Debug|Any CPU.Build.0 = Debug|Any CPU
		{FCB332C9-3232-4FDA-BE39-90C0B08DC027}.Release|Any CPU.ActiveCfg = Release|Any CPU
		{FCB332C9-3232-4FDA-BE39-90C0B08DC027}.Release|Any CPU.Build.0 = Release|Any CPU
		{8A065DE0-A9A4-47A1-9E61-D7A4F665E670}.Debug|Any CPU.ActiveCfg = Debug|Any CPU
		{8A065DE0-A9A4-47A1-9E61-D7A4F665E670}.Debug|Any CPU.Build.0 = Debug|Any CPU
		{8A065DE0-A9A4-47A1-9E61-D7A4F665E670}.Release|Any CPU.ActiveCfg = Release|Any CPU
		{8A065DE0-A9A4-47A1-9E61-D7A4F665E670}.Release|Any CPU.Build.0 = Release|Any CPU
		{D4627ED4-723B-4C66-B05A-5736948445D9}.Debug|Any CPU.ActiveCfg = Debug|Any CPU
		{D4627ED4-723B-4C66-B05A-5736948445D9}.Debug|Any CPU.Build.0 = Debug|Any CPU
		{D4627ED4-723B-4C66-B05A-5736948445D9}.Release|Any CPU.ActiveCfg = Release|Any CPU
		{D4627ED4-723B-4C66-B05A-5736948445D9}.Release|Any CPU.Build.0 = Release|Any CPU
		{E03C4F32-82FC-4E36-AC9B-79BC4BA136AE}.Debug|Any CPU.ActiveCfg = Debug|Any CPU
		{E03C4F32-82FC-4E36-AC9B-79BC4BA136AE}.Debug|Any CPU.Build.0 = Debug|Any CPU
		{E03C4F32-82FC-4E36-AC9B-79BC4BA136AE}.Release|Any CPU.ActiveCfg = Release|Any CPU
		{E03C4F32-82FC-4E36-AC9B-79BC4BA136AE}.Release|Any CPU.Build.0 = Release|Any CPU
		{5CF43265-22A5-4631-9D78-868F9CB26865}.Debug|Any CPU.ActiveCfg = Debug|Any CPU
		{5CF43265-22A5-4631-9D78-868F9CB26865}.Debug|Any CPU.Build.0 = Debug|Any CPU
		{5CF43265-22A5-4631-9D78-868F9CB26865}.Release|Any CPU.ActiveCfg = Release|Any CPU
		{5CF43265-22A5-4631-9D78-868F9CB26865}.Release|Any CPU.Build.0 = Release|Any CPU
		{75DD1B6F-50D9-41A6-9020-3C1E4ACCFC28}.Debug|Any CPU.ActiveCfg = Debug|Any CPU
		{75DD1B6F-50D9-41A6-9020-3C1E4ACCFC28}.Debug|Any CPU.Build.0 = Debug|Any CPU
		{75DD1B6F-50D9-41A6-9020-3C1E4ACCFC28}.Release|Any CPU.ActiveCfg = Release|Any CPU
		{75DD1B6F-50D9-41A6-9020-3C1E4ACCFC28}.Release|Any CPU.Build.0 = Release|Any CPU
		{FA46442D-CA93-4331-ADEF-B84C7D0871B2}.Debug|Any CPU.ActiveCfg = Debug|Any CPU
		{FA46442D-CA93-4331-ADEF-B84C7D0871B2}.Debug|Any CPU.Build.0 = Debug|Any CPU
		{FA46442D-CA93-4331-ADEF-B84C7D0871B2}.Release|Any CPU.ActiveCfg = Release|Any CPU
		{FA46442D-CA93-4331-ADEF-B84C7D0871B2}.Release|Any CPU.Build.0 = Release|Any CPU
		{B5C6158E-A783-45AF-B69C-AB4DD6E8A5FA}.Debug|Any CPU.ActiveCfg = Debug|Any CPU
		{B5C6158E-A783-45AF-B69C-AB4DD6E8A5FA}.Debug|Any CPU.Build.0 = Debug|Any CPU
		{B5C6158E-A783-45AF-B69C-AB4DD6E8A5FA}.Release|Any CPU.ActiveCfg = Release|Any CPU
		{B5C6158E-A783-45AF-B69C-AB4DD6E8A5FA}.Release|Any CPU.Build.0 = Release|Any CPU
		{4C8D3AFD-A476-4720-81B7-1E767F655D84}.Debug|Any CPU.ActiveCfg = Debug|Any CPU
		{4C8D3AFD-A476-4720-81B7-1E767F655D84}.Debug|Any CPU.Build.0 = Debug|Any CPU
		{4C8D3AFD-A476-4720-81B7-1E767F655D84}.Release|Any CPU.ActiveCfg = Release|Any CPU
		{4C8D3AFD-A476-4720-81B7-1E767F655D84}.Release|Any CPU.Build.0 = Release|Any CPU
		{97BFE5F2-304C-4F63-8005-D5C71D7EC121}.Debug|Any CPU.ActiveCfg = Debug|Any CPU
		{97BFE5F2-304C-4F63-8005-D5C71D7EC121}.Debug|Any CPU.Build.0 = Debug|Any CPU
		{97BFE5F2-304C-4F63-8005-D5C71D7EC121}.Release|Any CPU.ActiveCfg = Release|Any CPU
		{97BFE5F2-304C-4F63-8005-D5C71D7EC121}.Release|Any CPU.Build.0 = Release|Any CPU
	EndGlobalSection
	GlobalSection(SolutionProperties) = preSolution
		HideSolutionNode = FALSE
	EndGlobalSection
	GlobalSection(NestedProjects) = preSolution
		{68EE89FF-C5EC-4C4B-B4D8-B7D6D9E30FFE} = {02EA681E-C7D8-13C7-8484-4AC65E1B71E8}
		{8B78B078-CBC5-4A11-9474-1128DBFEB545} = {02EA681E-C7D8-13C7-8484-4AC65E1B71E8}
		{FCB332C9-3232-4FDA-BE39-90C0B08DC027} = {02EA681E-C7D8-13C7-8484-4AC65E1B71E8}
		{8A065DE0-A9A4-47A1-9E61-D7A4F665E670} = {A719FBF2-1A3F-4917-A857-CB4475B9E481}
		{D4627ED4-723B-4C66-B05A-5736948445D9} = {A719FBF2-1A3F-4917-A857-CB4475B9E481}
		{E03C4F32-82FC-4E36-AC9B-79BC4BA136AE} = {A719FBF2-1A3F-4917-A857-CB4475B9E481}
		{5CF43265-22A5-4631-9D78-868F9CB26865} = {500E2AF3-14F4-4548-A80B-ECB586E28C2F}
		{75DD1B6F-50D9-41A6-9020-3C1E4ACCFC28} = {500E2AF3-14F4-4548-A80B-ECB586E28C2F}
		{FA46442D-CA93-4331-ADEF-B84C7D0871B2} = {500E2AF3-14F4-4548-A80B-ECB586E28C2F}
		{B5C6158E-A783-45AF-B69C-AB4DD6E8A5FA} = {F975CED7-1FB0-4A31-A33C-FADCC4E9D9F2}
		{4C8D3AFD-A476-4720-81B7-1E767F655D84} = {F975CED7-1FB0-4A31-A33C-FADCC4E9D9F2}
		{97BFE5F2-304C-4F63-8005-D5C71D7EC121} = {F975CED7-1FB0-4A31-A33C-FADCC4E9D9F2}
	EndGlobalSection
	GlobalSection(ExtensibilityGlobals) = postSolution
		SolutionGuid = {4889392A-CD97-4EAC-AF48-8D4EB47DE9A4}
	EndGlobalSection
EndGlobal
